
Microsoft Visual Studio Solution File, Format Version 12.00
# Visual Studio 15
VisualStudioVersion = 15.0.27703.2042
MinimumVisualStudioVersion = 10.0.40219.1
Project("{FAE04EC0-301F-11D3-BF4B-00C04F79EFBC}") = "App16.Android", "App16\App16.Android\App16.Android.csproj", "{F13290EA-6BC0-4ED4-A897-F7783C9BDD1B}"
EndProject
Project("{FAE04EC0-301F-11D3-BF4B-00C04F79EFBC}") = "App16.iOS", "App16\App16.iOS\App16.iOS.csproj", "{FD3A8F2D-EE08-4C76-A572-06928A9CCE77}"
EndProject
Project("{FAE04EC0-301F-11D3-BF4B-00C04F79EFBC}") = "App16.UWP", "App16\App16.UWP\App16.UWP.csproj", "{FFCECB0C-6EF2-4935-B454-4FB4A9A5F870}"
EndProject
Project("{FAE04EC0-301F-11D3-BF4B-00C04F79EFBC}") = "App16", "App16\App16\App16.csproj", "{87F50FF2-2391-4FC4-88D4-A002C6D84A6A}"
EndProject
Global
	GlobalSection(SolutionConfigurationPlatforms) = preSolution
		Ad-Hoc|Any CPU = Ad-Hoc|Any CPU
		Ad-Hoc|ARM = Ad-Hoc|ARM
		Ad-Hoc|iPhone = Ad-Hoc|iPhone
		Ad-Hoc|iPhoneSimulator = Ad-Hoc|iPhoneSimulator
		Ad-Hoc|x64 = Ad-Hoc|x64
		Ad-Hoc|x86 = Ad-Hoc|x86
		AppStore|Any CPU = AppStore|Any CPU
		AppStore|ARM = AppStore|ARM
		AppStore|iPhone = AppStore|iPhone
		AppStore|iPhoneSimulator = AppStore|iPhoneSimulator
		AppStore|x64 = AppStore|x64
		AppStore|x86 = AppStore|x86
		Debug|Any CPU = Debug|Any CPU
		Debug|ARM = Debug|ARM
		Debug|iPhone = Debug|iPhone
		Debug|iPhoneSimulator = Debug|iPhoneSimulator
		Debug|x64 = Debug|x64
		Debug|x86 = Debug|x86
		Release|Any CPU = Release|Any CPU
		Release|ARM = Release|ARM
		Release|iPhone = Release|iPhone
		Release|iPhoneSimulator = Release|iPhoneSimulator
		Release|x64 = Release|x64
		Release|x86 = Release|x86
	EndGlobalSection
	GlobalSection(ProjectConfigurationPlatforms) = postSolution
		{F13290EA-6BC0-4ED4-A897-F7783C9BDD1B}.Ad-Hoc|Any CPU.ActiveCfg = Release|Any CPU
		{F13290EA-6BC0-4ED4-A897-F7783C9BDD1B}.Ad-Hoc|Any CPU.Build.0 = Release|Any CPU
		{F13290EA-6BC0-4ED4-A897-F7783C9BDD1B}.Ad-Hoc|Any CPU.Deploy.0 = Release|Any CPU
		{F13290EA-6BC0-4ED4-A897-F7783C9BDD1B}.Ad-Hoc|ARM.ActiveCfg = Release|Any CPU
		{F13290EA-6BC0-4ED4-A897-F7783C9BDD1B}.Ad-Hoc|ARM.Build.0 = Release|Any CPU
		{F13290EA-6BC0-4ED4-A897-F7783C9BDD1B}.Ad-Hoc|ARM.Deploy.0 = Release|Any CPU
		{F13290EA-6BC0-4ED4-A897-F7783C9BDD1B}.Ad-Hoc|iPhone.ActiveCfg = Release|Any CPU
		{F13290EA-6BC0-4ED4-A897-F7783C9BDD1B}.Ad-Hoc|iPhone.Build.0 = Release|Any CPU
		{F13290EA-6BC0-4ED4-A897-F7783C9BDD1B}.Ad-Hoc|iPhone.Deploy.0 = Release|Any CPU
		{F13290EA-6BC0-4ED4-A897-F7783C9BDD1B}.Ad-Hoc|iPhoneSimulator.ActiveCfg = Release|Any CPU
		{F13290EA-6BC0-4ED4-A897-F7783C9BDD1B}.Ad-Hoc|iPhoneSimulator.Build.0 = Release|Any CPU
		{F13290EA-6BC0-4ED4-A897-F7783C9BDD1B}.Ad-Hoc|iPhoneSimulator.Deploy.0 = Release|Any CPU
		{F13290EA-6BC0-4ED4-A897-F7783C9BDD1B}.Ad-Hoc|x64.ActiveCfg = Release|Any CPU
		{F13290EA-6BC0-4ED4-A897-F7783C9BDD1B}.Ad-Hoc|x64.Build.0 = Release|Any CPU
		{F13290EA-6BC0-4ED4-A897-F7783C9BDD1B}.Ad-Hoc|x64.Deploy.0 = Release|Any CPU
		{F13290EA-6BC0-4ED4-A897-F7783C9BDD1B}.Ad-Hoc|x86.ActiveCfg = Release|Any CPU
		{F13290EA-6BC0-4ED4-A897-F7783C9BDD1B}.Ad-Hoc|x86.Build.0 = Release|Any CPU
		{F13290EA-6BC0-4ED4-A897-F7783C9BDD1B}.Ad-Hoc|x86.Deploy.0 = Release|Any CPU
		{F13290EA-6BC0-4ED4-A897-F7783C9BDD1B}.AppStore|Any CPU.ActiveCfg = Release|Any CPU
		{F13290EA-6BC0-4ED4-A897-F7783C9BDD1B}.AppStore|Any CPU.Build.0 = Release|Any CPU
		{F13290EA-6BC0-4ED4-A897-F7783C9BDD1B}.AppStore|Any CPU.Deploy.0 = Release|Any CPU
		{F13290EA-6BC0-4ED4-A897-F7783C9BDD1B}.AppStore|ARM.ActiveCfg = Release|Any CPU
		{F13290EA-6BC0-4ED4-A897-F7783C9BDD1B}.AppStore|ARM.Build.0 = Release|Any CPU
		{F13290EA-6BC0-4ED4-A897-F7783C9BDD1B}.AppStore|ARM.Deploy.0 = Release|Any CPU
		{F13290EA-6BC0-4ED4-A897-F7783C9BDD1B}.AppStore|iPhone.ActiveCfg = Release|Any CPU
		{F13290EA-6BC0-4ED4-A897-F7783C9BDD1B}.AppStore|iPhone.Build.0 = Release|Any CPU
		{F13290EA-6BC0-4ED4-A897-F7783C9BDD1B}.AppStore|iPhone.Deploy.0 = Release|Any CPU
		{F13290EA-6BC0-4ED4-A897-F7783C9BDD1B}.AppStore|iPhoneSimulator.ActiveCfg = Release|Any CPU
		{F13290EA-6BC0-4ED4-A897-F7783C9BDD1B}.AppStore|iPhoneSimulator.Build.0 = Release|Any CPU
		{F13290EA-6BC0-4ED4-A897-F7783C9BDD1B}.AppStore|iPhoneSimulator.Deploy.0 = Release|Any CPU
		{F13290EA-6BC0-4ED4-A897-F7783C9BDD1B}.AppStore|x64.ActiveCfg = Release|Any CPU
		{F13290EA-6BC0-4ED4-A897-F7783C9BDD1B}.AppStore|x64.Build.0 = Release|Any CPU
		{F13290EA-6BC0-4ED4-A897-F7783C9BDD1B}.AppStore|x64.Deploy.0 = Release|Any CPU
		{F13290EA-6BC0-4ED4-A897-F7783C9BDD1B}.AppStore|x86.ActiveCfg = Release|Any CPU
		{F13290EA-6BC0-4ED4-A897-F7783C9BDD1B}.AppStore|x86.Build.0 = Release|Any CPU
		{F13290EA-6BC0-4ED4-A897-F7783C9BDD1B}.AppStore|x86.Deploy.0 = Release|Any CPU
		{F13290EA-6BC0-4ED4-A897-F7783C9BDD1B}.Debug|Any CPU.ActiveCfg = Debug|Any CPU
		{F13290EA-6BC0-4ED4-A897-F7783C9BDD1B}.Debug|Any CPU.Build.0 = Debug|Any CPU
		{F13290EA-6BC0-4ED4-A897-F7783C9BDD1B}.Debug|Any CPU.Deploy.0 = Debug|Any CPU
		{F13290EA-6BC0-4ED4-A897-F7783C9BDD1B}.Debug|ARM.ActiveCfg = Debug|Any CPU
		{F13290EA-6BC0-4ED4-A897-F7783C9BDD1B}.Debug|ARM.Build.0 = Debug|Any CPU
		{F13290EA-6BC0-4ED4-A897-F7783C9BDD1B}.Debug|ARM.Deploy.0 = Debug|Any CPU
		{F13290EA-6BC0-4ED4-A897-F7783C9BDD1B}.Debug|iPhone.ActiveCfg = Debug|Any CPU
		{F13290EA-6BC0-4ED4-A897-F7783C9BDD1B}.Debug|iPhone.Build.0 = Debug|Any CPU
		{F13290EA-6BC0-4ED4-A897-F7783C9BDD1B}.Debug|iPhone.Deploy.0 = Debug|Any CPU
		{F13290EA-6BC0-4ED4-A897-F7783C9BDD1B}.Debug|iPhoneSimulator.ActiveCfg = Debug|Any CPU
		{F13290EA-6BC0-4ED4-A897-F7783C9BDD1B}.Debug|iPhoneSimulator.Build.0 = Debug|Any CPU
		{F13290EA-6BC0-4ED4-A897-F7783C9BDD1B}.Debug|iPhoneSimulator.Deploy.0 = Debug|Any CPU
		{F13290EA-6BC0-4ED4-A897-F7783C9BDD1B}.Debug|x64.ActiveCfg = Debug|Any CPU
		{F13290EA-6BC0-4ED4-A897-F7783C9BDD1B}.Debug|x64.Build.0 = Debug|Any CPU
		{F13290EA-6BC0-4ED4-A897-F7783C9BDD1B}.Debug|x64.Deploy.0 = Debug|Any CPU
		{F13290EA-6BC0-4ED4-A897-F7783C9BDD1B}.Debug|x86.ActiveCfg = Debug|Any CPU
		{F13290EA-6BC0-4ED4-A897-F7783C9BDD1B}.Debug|x86.Build.0 = Debug|Any CPU
		{F13290EA-6BC0-4ED4-A897-F7783C9BDD1B}.Debug|x86.Deploy.0 = Debug|Any CPU
		{F13290EA-6BC0-4ED4-A897-F7783C9BDD1B}.Release|Any CPU.ActiveCfg = Release|Any CPU
		{F13290EA-6BC0-4ED4-A897-F7783C9BDD1B}.Release|Any CPU.Build.0 = Release|Any CPU
		{F13290EA-6BC0-4ED4-A897-F7783C9BDD1B}.Release|Any CPU.Deploy.0 = Release|Any CPU
		{F13290EA-6BC0-4ED4-A897-F7783C9BDD1B}.Release|ARM.ActiveCfg = Release|Any CPU
		{F13290EA-6BC0-4ED4-A897-F7783C9BDD1B}.Release|ARM.Build.0 = Release|Any CPU
		{F13290EA-6BC0-4ED4-A897-F7783C9BDD1B}.Release|ARM.Deploy.0 = Release|Any CPU
		{F13290EA-6BC0-4ED4-A897-F7783C9BDD1B}.Release|iPhone.ActiveCfg = Release|Any CPU
		{F13290EA-6BC0-4ED4-A897-F7783C9BDD1B}.Release|iPhone.Build.0 = Release|Any CPU
		{F13290EA-6BC0-4ED4-A897-F7783C9BDD1B}.Release|iPhone.Deploy.0 = Release|Any CPU
		{F13290EA-6BC0-4ED4-A897-F7783C9BDD1B}.Release|iPhoneSimulator.ActiveCfg = Release|Any CPU
		{F13290EA-6BC0-4ED4-A897-F7783C9BDD1B}.Release|iPhoneSimulator.Build.0 = Release|Any CPU
		{F13290EA-6BC0-4ED4-A897-F7783C9BDD1B}.Release|iPhoneSimulator.Deploy.0 = Release|Any CPU
		{F13290EA-6BC0-4ED4-A897-F7783C9BDD1B}.Release|x64.ActiveCfg = Release|Any CPU
		{F13290EA-6BC0-4ED4-A897-F7783C9BDD1B}.Release|x64.Build.0 = Release|Any CPU
		{F13290EA-6BC0-4ED4-A897-F7783C9BDD1B}.Release|x64.Deploy.0 = Release|Any CPU
		{F13290EA-6BC0-4ED4-A897-F7783C9BDD1B}.Release|x86.ActiveCfg = Release|Any CPU
		{F13290EA-6BC0-4ED4-A897-F7783C9BDD1B}.Release|x86.Build.0 = Release|Any CPU
		{F13290EA-6BC0-4ED4-A897-F7783C9BDD1B}.Release|x86.Deploy.0 = Release|Any CPU
		{FD3A8F2D-EE08-4C76-A572-06928A9CCE77}.Ad-Hoc|Any CPU.ActiveCfg = Ad-Hoc|iPhone
		{FD3A8F2D-EE08-4C76-A572-06928A9CCE77}.Ad-Hoc|Any CPU.Build.0 = Ad-Hoc|iPhone
		{FD3A8F2D-EE08-4C76-A572-06928A9CCE77}.Ad-Hoc|Any CPU.Deploy.0 = Ad-Hoc|iPhone
		{FD3A8F2D-EE08-4C76-A572-06928A9CCE77}.Ad-Hoc|ARM.ActiveCfg = Ad-Hoc|iPhone
		{FD3A8F2D-EE08-4C76-A572-06928A9CCE77}.Ad-Hoc|ARM.Build.0 = Ad-Hoc|iPhone
		{FD3A8F2D-EE08-4C76-A572-06928A9CCE77}.Ad-Hoc|ARM.Deploy.0 = Ad-Hoc|iPhone
		{FD3A8F2D-EE08-4C76-A572-06928A9CCE77}.Ad-Hoc|iPhone.ActiveCfg = Ad-Hoc|iPhone
		{FD3A8F2D-EE08-4C76-A572-06928A9CCE77}.Ad-Hoc|iPhone.Build.0 = Ad-Hoc|iPhone
		{FD3A8F2D-EE08-4C76-A572-06928A9CCE77}.Ad-Hoc|iPhone.Deploy.0 = Ad-Hoc|iPhone
		{FD3A8F2D-EE08-4C76-A572-06928A9CCE77}.Ad-Hoc|iPhoneSimulator.ActiveCfg = Ad-Hoc|iPhoneSimulator
		{FD3A8F2D-EE08-4C76-A572-06928A9CCE77}.Ad-Hoc|iPhoneSimulator.Build.0 = Ad-Hoc|iPhoneSimulator
		{FD3A8F2D-EE08-4C76-A572-06928A9CCE77}.Ad-Hoc|iPhoneSimulator.Deploy.0 = Ad-Hoc|iPhoneSimulator
		{FD3A8F2D-EE08-4C76-A572-06928A9CCE77}.Ad-Hoc|x64.ActiveCfg = Ad-Hoc|iPhone
		{FD3A8F2D-EE08-4C76-A572-06928A9CCE77}.Ad-Hoc|x64.Build.0 = Ad-Hoc|iPhone
		{FD3A8F2D-EE08-4C76-A572-06928A9CCE77}.Ad-Hoc|x64.Deploy.0 = Ad-Hoc|iPhone
		{FD3A8F2D-EE08-4C76-A572-06928A9CCE77}.Ad-Hoc|x86.ActiveCfg = Ad-Hoc|iPhone
		{FD3A8F2D-EE08-4C76-A572-06928A9CCE77}.Ad-Hoc|x86.Build.0 = Ad-Hoc|iPhone
		{FD3A8F2D-EE08-4C76-A572-06928A9CCE77}.Ad-Hoc|x86.Deploy.0 = Ad-Hoc|iPhone
		{FD3A8F2D-EE08-4C76-A572-06928A9CCE77}.AppStore|Any CPU.ActiveCfg = AppStore|iPhone
		{FD3A8F2D-EE08-4C76-A572-06928A9CCE77}.AppStore|Any CPU.Build.0 = AppStore|iPhone
		{FD3A8F2D-EE08-4C76-A572-06928A9CCE77}.AppStore|Any CPU.Deploy.0 = AppStore|iPhone
		{FD3A8F2D-EE08-4C76-A572-06928A9CCE77}.AppStore|ARM.ActiveCfg = AppStore|iPhone
		{FD3A8F2D-EE08-4C76-A572-06928A9CCE77}.AppStore|ARM.Build.0 = AppStore|iPhone
		{FD3A8F2D-EE08-4C76-A572-06928A9CCE77}.AppStore|ARM.Deploy.0 = AppStore|iPhone
		{FD3A8F2D-EE08-4C76-A572-06928A9CCE77}.AppStore|iPhone.ActiveCfg = AppStore|iPhone
		{FD3A8F2D-EE08-4C76-A572-06928A9CCE77}.AppStore|iPhone.Build.0 = AppStore|iPhone
		{FD3A8F2D-EE08-4C76-A572-06928A9CCE77}.AppStore|iPhone.Deploy.0 = AppStore|iPhone
		{FD3A8F2D-EE08-4C76-A572-06928A9CCE77}.AppStore|iPhoneSimulator.ActiveCfg = AppStore|iPhoneSimulator
		{FD3A8F2D-EE08-4C76-A572-06928A9CCE77}.AppStore|iPhoneSimulator.Build.0 = AppStore|iPhoneSimulator
		{FD3A8F2D-EE08-4C76-A572-06928A9CCE77}.AppStore|iPhoneSimulator.Deploy.0 = AppStore|iPhoneSimulator
		{FD3A8F2D-EE08-4C76-A572-06928A9CCE77}.AppStore|x64.ActiveCfg = AppStore|iPhone
		{FD3A8F2D-EE08-4C76-A572-06928A9CCE77}.AppStore|x64.Build.0 = AppStore|iPhone
		{FD3A8F2D-EE08-4C76-A572-06928A9CCE77}.AppStore|x64.Deploy.0 = AppStore|iPhone
		{FD3A8F2D-EE08-4C76-A572-06928A9CCE77}.AppStore|x86.ActiveCfg = AppStore|iPhone
		{FD3A8F2D-EE08-4C76-A572-06928A9CCE77}.AppStore|x86.Build.0 = AppStore|iPhone
		{FD3A8F2D-EE08-4C76-A572-06928A9CCE77}.AppStore|x86.Deploy.0 = AppStore|iPhone
		{FD3A8F2D-EE08-4C76-A572-06928A9CCE77}.Debug|Any CPU.ActiveCfg = Debug|iPhoneSimulator
		{FD3A8F2D-EE08-4C76-A572-06928A9CCE77}.Debug|Any CPU.Build.0 = Debug|iPhoneSimulator
		{FD3A8F2D-EE08-4C76-A572-06928A9CCE77}.Debug|Any CPU.Deploy.0 = Debug|iPhoneSimulator
		{FD3A8F2D-EE08-4C76-A572-06928A9CCE77}.Debug|ARM.ActiveCfg = Debug|iPhone
		{FD3A8F2D-EE08-4C76-A572-06928A9CCE77}.Debug|ARM.Build.0 = Debug|iPhone
		{FD3A8F2D-EE08-4C76-A572-06928A9CCE77}.Debug|ARM.Deploy.0 = Debug|iPhone
		{FD3A8F2D-EE08-4C76-A572-06928A9CCE77}.Debug|iPhone.ActiveCfg = Debug|iPhone
		{FD3A8F2D-EE08-4C76-A572-06928A9CCE77}.Debug|iPhone.Build.0 = Debug|iPhone
		{FD3A8F2D-EE08-4C76-A572-06928A9CCE77}.Debug|iPhone.Deploy.0 = Debug|iPhone
		{FD3A8F2D-EE08-4C76-A572-06928A9CCE77}.Debug|iPhoneSimulator.ActiveCfg = Debug|iPhoneSimulator
		{FD3A8F2D-EE08-4C76-A572-06928A9CCE77}.Debug|iPhoneSimulator.Build.0 = Debug|iPhoneSimulator
		{FD3A8F2D-EE08-4C76-A572-06928A9CCE77}.Debug|iPhoneSimulator.Deploy.0 = Debug|iPhoneSimulator
		{FD3A8F2D-EE08-4C76-A572-06928A9CCE77}.Debug|x64.ActiveCfg = Debug|iPhone
		{FD3A8F2D-EE08-4C76-A572-06928A9CCE77}.Debug|x64.Build.0 = Debug|iPhone
		{FD3A8F2D-EE08-4C76-A572-06928A9CCE77}.Debug|x64.Deploy.0 = Debug|iPhone
		{FD3A8F2D-EE08-4C76-A572-06928A9CCE77}.Debug|x86.ActiveCfg = Debug|iPhone
		{FD3A8F2D-EE08-4C76-A572-06928A9CCE77}.Debug|x86.Build.0 = Debug|iPhone
		{FD3A8F2D-EE08-4C76-A572-06928A9CCE77}.Debug|x86.Deploy.0 = Debug|iPhone
		{FD3A8F2D-EE08-4C76-A572-06928A9CCE77}.Release|Any CPU.ActiveCfg = Release|iPhone
		{FD3A8F2D-EE08-4C76-A572-06928A9CCE77}.Release|Any CPU.Build.0 = Release|iPhone
		{FD3A8F2D-EE08-4C76-A572-06928A9CCE77}.Release|Any CPU.Deploy.0 = Release|iPhone
		{FD3A8F2D-EE08-4C76-A572-06928A9CCE77}.Release|ARM.ActiveCfg = Release|iPhone
		{FD3A8F2D-EE08-4C76-A572-06928A9CCE77}.Release|ARM.Build.0 = Release|iPhone
		{FD3A8F2D-EE08-4C76-A572-06928A9CCE77}.Release|ARM.Deploy.0 = Release|iPhone
		{FD3A8F2D-EE08-4C76-A572-06928A9CCE77}.Release|iPhone.ActiveCfg = Release|iPhone
		{FD3A8F2D-EE08-4C76-A572-06928A9CCE77}.Release|iPhone.Build.0 = Release|iPhone
		{FD3A8F2D-EE08-4C76-A572-06928A9CCE77}.Release|iPhone.Deploy.0 = Release|iPhone
		{FD3A8F2D-EE08-4C76-A572-06928A9CCE77}.Release|iPhoneSimulator.ActiveCfg = Release|iPhoneSimulator
		{FD3A8F2D-EE08-4C76-A572-06928A9CCE77}.Release|iPhoneSimulator.Build.0 = Release|iPhoneSimulator
		{FD3A8F2D-EE08-4C76-A572-06928A9CCE77}.Release|iPhoneSimulator.Deploy.0 = Release|iPhoneSimulator
		{FD3A8F2D-EE08-4C76-A572-06928A9CCE77}.Release|x64.ActiveCfg = Release|iPhone
		{FD3A8F2D-EE08-4C76-A572-06928A9CCE77}.Release|x64.Build.0 = Release|iPhone
		{FD3A8F2D-EE08-4C76-A572-06928A9CCE77}.Release|x64.Deploy.0 = Release|iPhone
		{FD3A8F2D-EE08-4C76-A572-06928A9CCE77}.Release|x86.ActiveCfg = Release|iPhone
		{FD3A8F2D-EE08-4C76-A572-06928A9CCE77}.Release|x86.Build.0 = Release|iPhone
		{FD3A8F2D-EE08-4C76-A572-06928A9CCE77}.Release|x86.Deploy.0 = Release|iPhone
		{FFCECB0C-6EF2-4935-B454-4FB4A9A5F870}.Ad-Hoc|Any CPU.ActiveCfg = Release|x86
		{FFCECB0C-6EF2-4935-B454-4FB4A9A5F870}.Ad-Hoc|Any CPU.Build.0 = Release|x86
		{FFCECB0C-6EF2-4935-B454-4FB4A9A5F870}.Ad-Hoc|Any CPU.Deploy.0 = Release|x86
		{FFCECB0C-6EF2-4935-B454-4FB4A9A5F870}.Ad-Hoc|ARM.ActiveCfg = Release|ARM
		{FFCECB0C-6EF2-4935-B454-4FB4A9A5F870}.Ad-Hoc|ARM.Build.0 = Release|ARM
		{FFCECB0C-6EF2-4935-B454-4FB4A9A5F870}.Ad-Hoc|ARM.Deploy.0 = Release|ARM
		{FFCECB0C-6EF2-4935-B454-4FB4A9A5F870}.Ad-Hoc|iPhone.ActiveCfg = Release|x86
		{FFCECB0C-6EF2-4935-B454-4FB4A9A5F870}.Ad-Hoc|iPhone.Build.0 = Release|x86
		{FFCECB0C-6EF2-4935-B454-4FB4A9A5F870}.Ad-Hoc|iPhone.Deploy.0 = Release|x86
		{FFCECB0C-6EF2-4935-B454-4FB4A9A5F870}.Ad-Hoc|iPhoneSimulator.ActiveCfg = Release|x86
		{FFCECB0C-6EF2-4935-B454-4FB4A9A5F870}.Ad-Hoc|iPhoneSimulator.Build.0 = Release|x86
		{FFCECB0C-6EF2-4935-B454-4FB4A9A5F870}.Ad-Hoc|iPhoneSimulator.Deploy.0 = Release|x86
		{FFCECB0C-6EF2-4935-B454-4FB4A9A5F870}.Ad-Hoc|x64.ActiveCfg = Release|x64
		{FFCECB0C-6EF2-4935-B454-4FB4A9A5F870}.Ad-Hoc|x64.Build.0 = Release|x64
		{FFCECB0C-6EF2-4935-B454-4FB4A9A5F870}.Ad-Hoc|x64.Deploy.0 = Release|x64
		{FFCECB0C-6EF2-4935-B454-4FB4A9A5F870}.Ad-Hoc|x86.ActiveCfg = Release|x86
		{FFCECB0C-6EF2-4935-B454-4FB4A9A5F870}.Ad-Hoc|x86.Build.0 = Release|x86
		{FFCECB0C-6EF2-4935-B454-4FB4A9A5F870}.Ad-Hoc|x86.Deploy.0 = Release|x86
		{FFCECB0C-6EF2-4935-B454-4FB4A9A5F870}.AppStore|Any CPU.ActiveCfg = Release|x86
		{FFCECB0C-6EF2-4935-B454-4FB4A9A5F870}.AppStore|Any CPU.Build.0 = Release|x86
		{FFCECB0C-6EF2-4935-B454-4FB4A9A5F870}.AppStore|Any CPU.Deploy.0 = Release|x86
		{FFCECB0C-6EF2-4935-B454-4FB4A9A5F870}.AppStore|ARM.ActiveCfg = Release|ARM
		{FFCECB0C-6EF2-4935-B454-4FB4A9A5F870}.AppStore|ARM.Build.0 = Release|ARM
		{FFCECB0C-6EF2-4935-B454-4FB4A9A5F870}.AppStore|ARM.Deploy.0 = Release|ARM
		{FFCECB0C-6EF2-4935-B454-4FB4A9A5F870}.AppStore|iPhone.ActiveCfg = Release|x86
		{FFCECB0C-6EF2-4935-B454-4FB4A9A5F870}.AppStore|iPhone.Build.0 = Release|x86
		{FFCECB0C-6EF2-4935-B454-4FB4A9A5F870}.AppStore|iPhone.Deploy.0 = Release|x86
		{FFCECB0C-6EF2-4935-B454-4FB4A9A5F870}.AppStore|iPhoneSimulator.ActiveCfg = Release|x86
		{FFCECB0C-6EF2-4935-B454-4FB4A9A5F870}.AppStore|iPhoneSimulator.Build.0 = Release|x86
		{FFCECB0C-6EF2-4935-B454-4FB4A9A5F870}.AppStore|iPhoneSimulator.Deploy.0 = Release|x86
		{FFCECB0C-6EF2-4935-B454-4FB4A9A5F870}.AppStore|x64.ActiveCfg = Release|x64
		{FFCECB0C-6EF2-4935-B454-4FB4A9A5F870}.AppStore|x64.Build.0 = Release|x64
		{FFCECB0C-6EF2-4935-B454-4FB4A9A5F870}.AppStore|x64.Deploy.0 = Release|x64
		{FFCECB0C-6EF2-4935-B454-4FB4A9A5F870}.AppStore|x86.ActiveCfg = Release|x86
		{FFCECB0C-6EF2-4935-B454-4FB4A9A5F870}.AppStore|x86.Build.0 = Release|x86
		{FFCECB0C-6EF2-4935-B454-4FB4A9A5F870}.AppStore|x86.Deploy.0 = Release|x86
		{FFCECB0C-6EF2-4935-B454-4FB4A9A5F870}.Debug|Any CPU.ActiveCfg = Debug|x86
		{FFCECB0C-6EF2-4935-B454-4FB4A9A5F870}.Debug|Any CPU.Build.0 = Debug|x86
		{FFCECB0C-6EF2-4935-B454-4FB4A9A5F870}.Debug|Any CPU.Deploy.0 = Debug|x86
		{FFCECB0C-6EF2-4935-B454-4FB4A9A5F870}.Debug|ARM.ActiveCfg = Debug|ARM
		{FFCECB0C-6EF2-4935-B454-4FB4A9A5F870}.Debug|ARM.Build.0 = Debug|ARM
		{FFCECB0C-6EF2-4935-B454-4FB4A9A5F870}.Debug|ARM.Deploy.0 = Debug|ARM
		{FFCECB0C-6EF2-4935-B454-4FB4A9A5F870}.Debug|iPhone.ActiveCfg = Debug|x86
		{FFCECB0C-6EF2-4935-B454-4FB4A9A5F870}.Debug|iPhone.Build.0 = Debug|x86
		{FFCECB0C-6EF2-4935-B454-4FB4A9A5F870}.Debug|iPhone.Deploy.0 = Debug|x86
		{FFCECB0C-6EF2-4935-B454-4FB4A9A5F870}.Debug|iPhoneSimulator.ActiveCfg = Debug|x86
		{FFCECB0C-6EF2-4935-B454-4FB4A9A5F870}.Debug|iPhoneSimulator.Build.0 = Debug|x86
		{FFCECB0C-6EF2-4935-B454-4FB4A9A5F870}.Debug|iPhoneSimulator.Deploy.0 = Debug|x86
		{FFCECB0C-6EF2-4935-B454-4FB4A9A5F870}.Debug|x64.ActiveCfg = Debug|x64
		{FFCECB0C-6EF2-4935-B454-4FB4A9A5F870}.Debug|x64.Build.0 = Debug|x64
		{FFCECB0C-6EF2-4935-B454-4FB4A9A5F870}.Debug|x64.Deploy.0 = Debug|x64
		{FFCECB0C-6EF2-4935-B454-4FB4A9A5F870}.Debug|x86.ActiveCfg = Debug|x86
		{FFCECB0C-6EF2-4935-B454-4FB4A9A5F870}.Debug|x86.Build.0 = Debug|x86
		{FFCECB0C-6EF2-4935-B454-4FB4A9A5F870}.Debug|x86.Deploy.0 = Debug|x86
		{FFCECB0C-6EF2-4935-B454-4FB4A9A5F870}.Release|Any CPU.ActiveCfg = Release|x86
		{FFCECB0C-6EF2-4935-B454-4FB4A9A5F870}.Release|Any CPU.Build.0 = Release|x86
		{FFCECB0C-6EF2-4935-B454-4FB4A9A5F870}.Release|Any CPU.Deploy.0 = Release|x86
		{FFCECB0C-6EF2-4935-B454-4FB4A9A5F870}.Release|ARM.ActiveCfg = Release|ARM
		{FFCECB0C-6EF2-4935-B454-4FB4A9A5F870}.Release|ARM.Build.0 = Release|ARM
		{FFCECB0C-6EF2-4935-B454-4FB4A9A5F870}.Release|ARM.Deploy.0 = Release|ARM
		{FFCECB0C-6EF2-4935-B454-4FB4A9A5F870}.Release|iPhone.ActiveCfg = Release|x86
		{FFCECB0C-6EF2-4935-B454-4FB4A9A5F870}.Release|iPhone.Build.0 = Release|x86
		{FFCECB0C-6EF2-4935-B454-4FB4A9A5F870}.Release|iPhone.Deploy.0 = Release|x86
		{FFCECB0C-6EF2-4935-B454-4FB4A9A5F870}.Release|iPhoneSimulator.ActiveCfg = Release|x86
		{FFCECB0C-6EF2-4935-B454-4FB4A9A5F870}.Release|iPhoneSimulator.Build.0 = Release|x86
		{FFCECB0C-6EF2-4935-B454-4FB4A9A5F870}.Release|iPhoneSimulator.Deploy.0 = Release|x86
		{FFCECB0C-6EF2-4935-B454-4FB4A9A5F870}.Release|x64.ActiveCfg = Release|x64
		{FFCECB0C-6EF2-4935-B454-4FB4A9A5F870}.Release|x64.Build.0 = Release|x64
		{FFCECB0C-6EF2-4935-B454-4FB4A9A5F870}.Release|x64.Deploy.0 = Release|x64
		{FFCECB0C-6EF2-4935-B454-4FB4A9A5F870}.Release|x86.ActiveCfg = Release|x86
		{FFCECB0C-6EF2-4935-B454-4FB4A9A5F870}.Release|x86.Build.0 = Release|x86
		{FFCECB0C-6EF2-4935-B454-4FB4A9A5F870}.Release|x86.Deploy.0 = Release|x86
		{87F50FF2-2391-4FC4-88D4-A002C6D84A6A}.Ad-Hoc|Any CPU.ActiveCfg = Debug|Any CPU
		{87F50FF2-2391-4FC4-88D4-A002C6D84A6A}.Ad-Hoc|Any CPU.Build.0 = Debug|Any CPU
		{87F50FF2-2391-4FC4-88D4-A002C6D84A6A}.Ad-Hoc|Any CPU.Deploy.0 = Debug|Any CPU
		{87F50FF2-2391-4FC4-88D4-A002C6D84A6A}.Ad-Hoc|ARM.ActiveCfg = Debug|Any CPU
		{87F50FF2-2391-4FC4-88D4-A002C6D84A6A}.Ad-Hoc|ARM.Build.0 = Debug|Any CPU
		{87F50FF2-2391-4FC4-88D4-A002C6D84A6A}.Ad-Hoc|ARM.Deploy.0 = Debug|Any CPU
		{87F50FF2-2391-4FC4-88D4-A002C6D84A6A}.Ad-Hoc|iPhone.ActiveCfg = Debug|Any CPU
		{87F50FF2-2391-4FC4-88D4-A002C6D84A6A}.Ad-Hoc|iPhone.Build.0 = Debug|Any CPU
		{87F50FF2-2391-4FC4-88D4-A002C6D84A6A}.Ad-Hoc|iPhone.Deploy.0 = Debug|Any CPU
		{87F50FF2-2391-4FC4-88D4-A002C6D84A6A}.Ad-Hoc|iPhoneSimulator.ActiveCfg = Debug|Any CPU
		{87F50FF2-2391-4FC4-88D4-A002C6D84A6A}.Ad-Hoc|iPhoneSimulator.Build.0 = Debug|Any CPU
		{87F50FF2-2391-4FC4-88D4-A002C6D84A6A}.Ad-Hoc|iPhoneSimulator.Deploy.0 = Debug|Any CPU
		{87F50FF2-2391-4FC4-88D4-A002C6D84A6A}.Ad-Hoc|x64.ActiveCfg = Debug|Any CPU
		{87F50FF2-2391-4FC4-88D4-A002C6D84A6A}.Ad-Hoc|x64.Build.0 = Debug|Any CPU
		{87F50FF2-2391-4FC4-88D4-A002C6D84A6A}.Ad-Hoc|x64.Deploy.0 = Debug|Any CPU
		{87F50FF2-2391-4FC4-88D4-A002C6D84A6A}.Ad-Hoc|x86.ActiveCfg = Debug|Any CPU
		{87F50FF2-2391-4FC4-88D4-A002C6D84A6A}.Ad-Hoc|x86.Build.0 = Debug|Any CPU
		{87F50FF2-2391-4FC4-88D4-A002C6D84A6A}.Ad-Hoc|x86.Deploy.0 = Debug|Any CPU
		{87F50FF2-2391-4FC4-88D4-A002C6D84A6A}.AppStore|Any CPU.ActiveCfg = Debug|Any CPU
		{87F50FF2-2391-4FC4-88D4-A002C6D84A6A}.AppStore|Any CPU.Build.0 = Debug|Any CPU
		{87F50FF2-2391-4FC4-88D4-A002C6D84A6A}.AppStore|Any CPU.Deploy.0 = Debug|Any CPU
		{87F50FF2-2391-4FC4-88D4-A002C6D84A6A}.AppStore|ARM.ActiveCfg = Debug|Any CPU
		{87F50FF2-2391-4FC4-88D4-A002C6D84A6A}.AppStore|ARM.Build.0 = Debug|Any CPU
		{87F50FF2-2391-4FC4-88D4-A002C6D84A6A}.AppStore|ARM.Deploy.0 = Debug|Any CPU
		{87F50FF2-2391-4FC4-88D4-A002C6D84A6A}.AppStore|iPhone.ActiveCfg = Debug|Any CPU
		{87F50FF2-2391-4FC4-88D4-A002C6D84A6A}.AppStore|iPhone.Build.0 = Debug|Any CPU
		{87F50FF2-2391-4FC4-88D4-A002C6D84A6A}.AppStore|iPhone.Deploy.0 = Debug|Any CPU
		{87F50FF2-2391-4FC4-88D4-A002C6D84A6A}.AppStore|iPhoneSimulator.ActiveCfg = Debug|Any CPU
		{87F50FF2-2391-4FC4-88D4-A002C6D84A6A}.AppStore|iPhoneSimulator.Build.0 = Debug|Any CPU
		{87F50FF2-2391-4FC4-88D4-A002C6D84A6A}.AppStore|iPhoneSimulator.Deploy.0 = Debug|Any CPU
		{87F50FF2-2391-4FC4-88D4-A002C6D84A6A}.AppStore|x64.ActiveCfg = Debug|Any CPU
		{87F50FF2-2391-4FC4-88D4-A002C6D84A6A}.AppStore|x64.Build.0 = Debug|Any CPU
		{87F50FF2-2391-4FC4-88D4-A002C6D84A6A}.AppStore|x64.Deploy.0 = Debug|Any CPU
		{87F50FF2-2391-4FC4-88D4-A002C6D84A6A}.AppStore|x86.ActiveCfg = Debug|Any CPU
		{87F50FF2-2391-4FC4-88D4-A002C6D84A6A}.AppStore|x86.Build.0 = Debug|Any CPU
		{87F50FF2-2391-4FC4-88D4-A002C6D84A6A}.AppStore|x86.Deploy.0 = Debug|Any CPU
		{87F50FF2-2391-4FC4-88D4-A002C6D84A6A}.Debug|Any CPU.ActiveCfg = Debug|Any CPU
		{87F50FF2-2391-4FC4-88D4-A002C6D84A6A}.Debug|Any CPU.Build.0 = Debug|Any CPU
		{87F50FF2-2391-4FC4-88D4-A002C6D84A6A}.Debug|Any CPU.Deploy.0 = Debug|Any CPU
		{87F50FF2-2391-4FC4-88D4-A002C6D84A6A}.Debug|ARM.ActiveCfg = Debug|Any CPU
		{87F50FF2-2391-4FC4-88D4-A002C6D84A6A}.Debug|ARM.Build.0 = Debug|Any CPU
		{87F50FF2-2391-4FC4-88D4-A002C6D84A6A}.Debug|ARM.Deploy.0 = Debug|Any CPU
		{87F50FF2-2391-4FC4-88D4-A002C6D84A6A}.Debug|iPhone.ActiveCfg = Debug|Any CPU
		{87F50FF2-2391-4FC4-88D4-A002C6D84A6A}.Debug|iPhone.Build.0 = Debug|Any CPU
		{87F50FF2-2391-4FC4-88D4-A002C6D84A6A}.Debug|iPhone.Deploy.0 = Debug|Any CPU
		{87F50FF2-2391-4FC4-88D4-A002C6D84A6A}.Debug|iPhoneSimulator.ActiveCfg = Debug|Any CPU
		{87F50FF2-2391-4FC4-88D4-A002C6D84A6A}.Debug|iPhoneSimulator.Build.0 = Debug|Any CPU
		{87F50FF2-2391-4FC4-88D4-A002C6D84A6A}.Debug|iPhoneSimulator.Deploy.0 = Debug|Any CPU
		{87F50FF2-2391-4FC4-88D4-A002C6D84A6A}.Debug|x64.ActiveCfg = Debug|Any CPU
		{87F50FF2-2391-4FC4-88D4-A002C6D84A6A}.Debug|x64.Build.0 = Debug|Any CPU
		{87F50FF2-2391-4FC4-88D4-A002C6D84A6A}.Debug|x64.Deploy.0 = Debug|Any CPU
		{87F50FF2-2391-4FC4-88D4-A002C6D84A6A}.Debug|x86.ActiveCfg = Debug|Any CPU
		{87F50FF2-2391-4FC4-88D4-A002C6D84A6A}.Debug|x86.Build.0 = Debug|Any CPU
		{87F50FF2-2391-4FC4-88D4-A002C6D84A6A}.Debug|x86.Deploy.0 = Debug|Any CPU
		{87F50FF2-2391-4FC4-88D4-A002C6D84A6A}.Release|Any CPU.ActiveCfg = Release|Any CPU
		{87F50FF2-2391-4FC4-88D4-A002C6D84A6A}.Release|Any CPU.Build.0 = Release|Any CPU
		{87F50FF2-2391-4FC4-88D4-A002C6D84A6A}.Release|Any CPU.Deploy.0 = Release|Any CPU
		{87F50FF2-2391-4FC4-88D4-A002C6D84A6A}.Release|ARM.ActiveCfg = Release|Any CPU
		{87F50FF2-2391-4FC4-88D4-A002C6D84A6A}.Release|ARM.Build.0 = Release|Any CPU
		{87F50FF2-2391-4FC4-88D4-A002C6D84A6A}.Release|ARM.Deploy.0 = Release|Any CPU
		{87F50FF2-2391-4FC4-88D4-A002C6D84A6A}.Release|iPhone.ActiveCfg = Release|Any CPU
		{87F50FF2-2391-4FC4-88D4-A002C6D84A6A}.Release|iPhone.Build.0 = Release|Any CPU
		{87F50FF2-2391-4FC4-88D4-A002C6D84A6A}.Release|iPhone.Deploy.0 = Release|Any CPU
		{87F50FF2-2391-4FC4-88D4-A002C6D84A6A}.Release|iPhoneSimulator.ActiveCfg = Release|Any CPU
		{87F50FF2-2391-4FC4-88D4-A002C6D84A6A}.Release|iPhoneSimulator.Build.0 = Release|Any CPU
		{87F50FF2-2391-4FC4-88D4-A002C6D84A6A}.Release|iPhoneSimulator.Deploy.0 = Release|Any CPU
		{87F50FF2-2391-4FC4-88D4-A002C6D84A6A}.Release|x64.ActiveCfg = Release|Any CPU
		{87F50FF2-2391-4FC4-88D4-A002C6D84A6A}.Release|x64.Build.0 = Release|Any CPU
		{87F50FF2-2391-4FC4-88D4-A002C6D84A6A}.Release|x64.Deploy.0 = Release|Any CPU
		{87F50FF2-2391-4FC4-88D4-A002C6D84A6A}.Release|x86.ActiveCfg = Release|Any CPU
		{87F50FF2-2391-4FC4-88D4-A002C6D84A6A}.Release|x86.Build.0 = Release|Any CPU
		{87F50FF2-2391-4FC4-88D4-A002C6D84A6A}.Release|x86.Deploy.0 = Release|Any CPU
	EndGlobalSection
	GlobalSection(SolutionProperties) = preSolution
		HideSolutionNode = FALSE
	EndGlobalSection
	GlobalSection(ExtensibilityGlobals) = postSolution
		SolutionGuid = {DD23B921-57A7-4AC9-BC98-0881D25EAAC4}
	EndGlobalSection
EndGlobal
